
Microsoft Visual Studio Solution File, Format Version 12.00
# Visual Studio Version 16
VisualStudioVersion = 16.0.29509.3
MinimumVisualStudioVersion = 10.0.40219.1
Project("{2150E333-8FDC-42A3-9474-1A3956D46DE8}") = "10.Immo.Domain", "10.Immo.Domain", "{645B35DF-A2DA-43FF-B810-22342B0576A1}"
EndProject
Project("{2150E333-8FDC-42A3-9474-1A3956D46DE8}") = "20.Immo.Logic", "20.Immo.Logic", "{095A6EB3-A15E-45C7-BA6E-FC3153824E27}"
EndProject
Project("{2150E333-8FDC-42A3-9474-1A3956D46DE8}") = "30.Immo.RepoInterfaces", "30.Immo.RepoInterfaces", "{63330004-C092-42E2-AB19-B646F2194F85}"
EndProject
Project("{2150E333-8FDC-42A3-9474-1A3956D46DE8}") = "40.Immo.ServiceInterfaces", "40.Immo.ServiceInterfaces", "{07A44E4F-36D4-4DE0-A79B-8152C90BB095}"
EndProject
Project("{2150E333-8FDC-42A3-9474-1A3956D46DE8}") = "50.Immo.Database", "50.Immo.Database", "{D31BB9F0-14E0-4C34-B2CF-783511C9E760}"
EndProject
Project("{2150E333-8FDC-42A3-9474-1A3956D46DE8}") = "60.Immo.Repositories", "60.Immo.Repositories", "{CD72D83D-E3A3-4730-9199-F299E78094E7}"
EndProject
Project("{9A19103F-16F7-4668-BE54-9A1E7A4F7556}") = "Immo.Domain", "Immo.Domain\Immo.Domain.csproj", "{02877293-7518-4D0F-861A-6BD35683FD4E}"
EndProject
Project("{9A19103F-16F7-4668-BE54-9A1E7A4F7556}") = "Immo.Database", "Immo.Database\Immo.Database.csproj", "{842C18C2-F8B3-4A72-9881-F5B2B8595777}"
EndProject
Project("{2150E333-8FDC-42A3-9474-1A3956D46DE8}") = "70.Immo.Services", "70.Immo.Services", "{8013BFD2-4992-4D34-8418-2B50869335C9}"
EndProject
Project("{2150E333-8FDC-42A3-9474-1A3956D46DE8}") = "90.Immo.UI", "90.Immo.UI", "{198B6F17-38A0-4FAF-8886-B9BC097AA01F}"
EndProject
Project("{2150E333-8FDC-42A3-9474-1A3956D46DE8}") = "80.Immo.Testing", "80.Immo.Testing", "{346DF847-AD66-4081-A55B-E4BFFBB17F7F}"
EndProject
Project("{9A19103F-16F7-4668-BE54-9A1E7A4F7556}") = "Immo.RepoInterfaces", "Immo.RepoInterfaces\Immo.RepoInterfaces.csproj", "{AC9A1B2C-A203-46C0-A14E-0689FD5B0FC1}"
EndProject
Project("{9A19103F-16F7-4668-BE54-9A1E7A4F7556}") = "Immo.Logic", "Immo.Logic\Immo.Logic.csproj", "{91C0FF3A-ED17-487B-9BBF-A1D0C1E18A26}"
EndProject
Project("{9A19103F-16F7-4668-BE54-9A1E7A4F7556}") = "Immo.ServiceInterfaces", "Immo.ServiceInterfaces\Immo.ServiceInterfaces.csproj", "{48CE4D96-10A8-461F-A37A-CC12A4A66548}"
EndProject
Project("{9A19103F-16F7-4668-BE54-9A1E7A4F7556}") = "Immo.Repositories", "Immo.Repositories\Immo.Repositories.csproj", "{35500442-0924-471A-A7ED-EF4AA7EA658C}"
EndProject
Project("{9A19103F-16F7-4668-BE54-9A1E7A4F7556}") = "Immo.Tests", "Immo.Tests\Immo.Tests.csproj", "{3357786B-11D3-49DA-BCF4-797301E6DFAD}"
EndProject
Project("{9A19103F-16F7-4668-BE54-9A1E7A4F7556}") = "Immo.UI", "Immo.UI\Immo.UI.csproj", "{FA009EB2-2EA4-4850-9C1D-82B907E3528B}"
EndProject
Project("{9A19103F-16F7-4668-BE54-9A1E7A4F7556}") = "Immo.DTOs", "Immo.DTOs\Immo.DTOs.csproj", "{336EDBF4-BAE6-4DDA-BAAF-A37FE140E22C}"
EndProject
Project("{9A19103F-16F7-4668-BE54-9A1E7A4F7556}") = "Immo.ConsoleTests", "Immo.ConsoleTests\Immo.ConsoleTests.csproj", "{862304B8-4D1D-4E2F-96E7-0707EC59B5EE}"
EndProject
Project("{9A19103F-16F7-4668-BE54-9A1E7A4F7556}") = "Immo.Services", "Immo.Services\Immo.Services.csproj", "{1CB460C3-CB66-4F9D-82C0-85D756D8E3EA}"
EndProject
Project("{2150E333-8FDC-42A3-9474-1A3956D46DE8}") = "Commands", "Commands", "{E3173140-E12A-4B39-8B4F-F82EC05355D2}"
	ProjectSection(SolutionItems) = preProject
		EF.txt = EF.txt
	EndProjectSection
EndProject
Global
	GlobalSection(SolutionConfigurationPlatforms) = preSolution
		Debug|Any CPU = Debug|Any CPU
		Release|Any CPU = Release|Any CPU
	EndGlobalSection
	GlobalSection(ProjectConfigurationPlatforms) = postSolution
		{02877293-7518-4D0F-861A-6BD35683FD4E}.Debug|Any CPU.ActiveCfg = Debug|Any CPU
		{02877293-7518-4D0F-861A-6BD35683FD4E}.Debug|Any CPU.Build.0 = Debug|Any CPU
		{02877293-7518-4D0F-861A-6BD35683FD4E}.Release|Any CPU.ActiveCfg = Release|Any CPU
		{02877293-7518-4D0F-861A-6BD35683FD4E}.Release|Any CPU.Build.0 = Release|Any CPU
		{842C18C2-F8B3-4A72-9881-F5B2B8595777}.Debug|Any CPU.ActiveCfg = Debug|Any CPU
		{842C18C2-F8B3-4A72-9881-F5B2B8595777}.Debug|Any CPU.Build.0 = Debug|Any CPU
		{842C18C2-F8B3-4A72-9881-F5B2B8595777}.Release|Any CPU.ActiveCfg = Release|Any CPU
		{842C18C2-F8B3-4A72-9881-F5B2B8595777}.Release|Any CPU.Build.0 = Release|Any CPU
		{AC9A1B2C-A203-46C0-A14E-0689FD5B0FC1}.Debug|Any CPU.ActiveCfg = Debug|Any CPU
		{AC9A1B2C-A203-46C0-A14E-0689FD5B0FC1}.Debug|Any CPU.Build.0 = Debug|Any CPU
		{AC9A1B2C-A203-46C0-A14E-0689FD5B0FC1}.Release|Any CPU.ActiveCfg = Release|Any CPU
		{AC9A1B2C-A203-46C0-A14E-0689FD5B0FC1}.Release|Any CPU.Build.0 = Release|Any CPU
		{91C0FF3A-ED17-487B-9BBF-A1D0C1E18A26}.Debug|Any CPU.ActiveCfg = Debug|Any CPU
		{91C0FF3A-ED17-487B-9BBF-A1D0C1E18A26}.Debug|Any CPU.Build.0 = Debug|Any CPU
		{91C0FF3A-ED17-487B-9BBF-A1D0C1E18A26}.Release|Any CPU.ActiveCfg = Release|Any CPU
		{91C0FF3A-ED17-487B-9BBF-A1D0C1E18A26}.Release|Any CPU.Build.0 = Release|Any CPU
		{48CE4D96-10A8-461F-A37A-CC12A4A66548}.Debug|Any CPU.ActiveCfg = Debug|Any CPU
		{48CE4D96-10A8-461F-A37A-CC12A4A66548}.Debug|Any CPU.Build.0 = Debug|Any CPU
		{48CE4D96-10A8-461F-A37A-CC12A4A66548}.Release|Any CPU.ActiveCfg = Release|Any CPU
		{48CE4D96-10A8-461F-A37A-CC12A4A66548}.Release|Any CPU.Build.0 = Release|Any CPU
		{35500442-0924-471A-A7ED-EF4AA7EA658C}.Debug|Any CPU.ActiveCfg = Debug|Any CPU
		{35500442-0924-471A-A7ED-EF4AA7EA658C}.Debug|Any CPU.Build.0 = Debug|Any CPU
		{35500442-0924-471A-A7ED-EF4AA7EA658C}.Release|Any CPU.ActiveCfg = Release|Any CPU
		{35500442-0924-471A-A7ED-EF4AA7EA658C}.Release|Any CPU.Build.0 = Release|Any CPU
		{3357786B-11D3-49DA-BCF4-797301E6DFAD}.Debug|Any CPU.ActiveCfg = Debug|Any CPU
		{3357786B-11D3-49DA-BCF4-797301E6DFAD}.Debug|Any CPU.Build.0 = Debug|Any CPU
		{3357786B-11D3-49DA-BCF4-797301E6DFAD}.Release|Any CPU.ActiveCfg = Release|Any CPU
		{3357786B-11D3-49DA-BCF4-797301E6DFAD}.Release|Any CPU.Build.0 = Release|Any CPU
		{FA009EB2-2EA4-4850-9C1D-82B907E3528B}.Debug|Any CPU.ActiveCfg = Debug|Any CPU
		{FA009EB2-2EA4-4850-9C1D-82B907E3528B}.Debug|Any CPU.Build.0 = Debug|Any CPU
		{FA009EB2-2EA4-4850-9C1D-82B907E3528B}.Release|Any CPU.ActiveCfg = Release|Any CPU
		{FA009EB2-2EA4-4850-9C1D-82B907E3528B}.Release|Any CPU.Build.0 = Release|Any CPU
		{336EDBF4-BAE6-4DDA-BAAF-A37FE140E22C}.Debug|Any CPU.ActiveCfg = Debug|Any CPU
		{336EDBF4-BAE6-4DDA-BAAF-A37FE140E22C}.Debug|Any CPU.Build.0 = Debug|Any CPU
		{336EDBF4-BAE6-4DDA-BAAF-A37FE140E22C}.Release|Any CPU.ActiveCfg = Release|Any CPU
		{336EDBF4-BAE6-4DDA-BAAF-A37FE140E22C}.Release|Any CPU.Build.0 = Release|Any CPU
		{862304B8-4D1D-4E2F-96E7-0707EC59B5EE}.Debug|Any CPU.ActiveCfg = Debug|Any CPU
		{862304B8-4D1D-4E2F-96E7-0707EC59B5EE}.Debug|Any CPU.Build.0 = Debug|Any CPU
		{862304B8-4D1D-4E2F-96E7-0707EC59B5EE}.Release|Any CPU.ActiveCfg = Release|Any CPU
		{862304B8-4D1D-4E2F-96E7-0707EC59B5EE}.Release|Any CPU.Build.0 = Release|Any CPU
		{1CB460C3-CB66-4F9D-82C0-85D756D8E3EA}.Debug|Any CPU.ActiveCfg = Debug|Any CPU
		{1CB460C3-CB66-4F9D-82C0-85D756D8E3EA}.Debug|Any CPU.Build.0 = Debug|Any CPU
		{1CB460C3-CB66-4F9D-82C0-85D756D8E3EA}.Release|Any CPU.ActiveCfg = Release|Any CPU
		{1CB460C3-CB66-4F9D-82C0-85D756D8E3EA}.Release|Any CPU.Build.0 = Release|Any CPU
	EndGlobalSection
	GlobalSection(SolutionProperties) = preSolution
		HideSolutionNode = FALSE
	EndGlobalSection
	GlobalSection(NestedProjects) = preSolution
		{02877293-7518-4D0F-861A-6BD35683FD4E} = {645B35DF-A2DA-43FF-B810-22342B0576A1}
		{842C18C2-F8B3-4A72-9881-F5B2B8595777} = {D31BB9F0-14E0-4C34-B2CF-783511C9E760}
		{AC9A1B2C-A203-46C0-A14E-0689FD5B0FC1} = {63330004-C092-42E2-AB19-B646F2194F85}
		{91C0FF3A-ED17-487B-9BBF-A1D0C1E18A26} = {095A6EB3-A15E-45C7-BA6E-FC3153824E27}
		{48CE4D96-10A8-461F-A37A-CC12A4A66548} = {07A44E4F-36D4-4DE0-A79B-8152C90BB095}
		{35500442-0924-471A-A7ED-EF4AA7EA658C} = {CD72D83D-E3A3-4730-9199-F299E78094E7}
		{3357786B-11D3-49DA-BCF4-797301E6DFAD} = {346DF847-AD66-4081-A55B-E4BFFBB17F7F}
		{FA009EB2-2EA4-4850-9C1D-82B907E3528B} = {198B6F17-38A0-4FAF-8886-B9BC097AA01F}
		{336EDBF4-BAE6-4DDA-BAAF-A37FE140E22C} = {07A44E4F-36D4-4DE0-A79B-8152C90BB095}
		{862304B8-4D1D-4E2F-96E7-0707EC59B5EE} = {346DF847-AD66-4081-A55B-E4BFFBB17F7F}
		{1CB460C3-CB66-4F9D-82C0-85D756D8E3EA} = {8013BFD2-4992-4D34-8418-2B50869335C9}
	EndGlobalSection
	GlobalSection(ExtensibilityGlobals) = postSolution
		SolutionGuid = {5B346446-E1E0-4EAD-8FAA-6A79AA638397}
	EndGlobalSection
EndGlobal
